// !$*UTF8*$!
{
	archiveVersion = 1;
	classes = {
	};
	objectVersion = 77;
	objects = {

/* Begin PBXBuildFile section */
		3DF7AB1380BF4D0D71625456 /* Assets.xcassets in Resources */ = {isa = PBXBuildFile; fileRef = A54D0E54579B4066D033E40E /* Assets.xcassets */; };
		5010F4F969B5A97D3BA059D1 /* AlarmService.swift in Sources */ = {isa = PBXBuildFile; fileRef = EF3EA6CDF6BD7941F2787BF4 /* AlarmService.swift */; };
		5FA977212BF88958573F683E /* AppModel.swift in Sources */ = {isa = PBXBuildFile; fileRef = 0F2D2606B5EA777CD92C7F81 /* AppModel.swift */; };
		7F6E889614012562F026B8F4 /* AlarmScheduling.swift in Sources */ = {isa = PBXBuildFile; fileRef = CBAC3DEEA342D1133F22B154 /* AlarmScheduling.swift */; };
		AF446FB69A59371A29D2CC83 /* problems.js in Resources */ = {isa = PBXBuildFile; fileRef = 327DE7FD11D520BB3A6397B7 /* problems.js */; };
		C4F1A089C63BC7E420BFE0F1 /* ZekkiHelperApp.swift in Sources */ = {isa = PBXBuildFile; fileRef = 2CCDFF15A4FEBC3BF60C0763 /* ZekkiHelperApp.swift */; };
		C7FA1402156A1E129CA8CD28 /* Models.swift in Sources */ = {isa = PBXBuildFile; fileRef = AABE0DD373363E989B79356A /* Models.swift */; };
		FECC29CA6922E1A42A77312A /* ProblemGenerator.swift in Sources */ = {isa = PBXBuildFile; fileRef = 0C50CC7637E9CFB6631D5DF4 /* ProblemGenerator.swift */; };
/* End PBXBuildFile section */

/* Begin PBXFileReference section */
		0C50CC7637E9CFB6631D5DF4 /* ProblemGenerator.swift */ = {isa = PBXFileReference; lastKnownFileType = sourcecode.swift; path = ProblemGenerator.swift; sourceTree = "<group>"; };
		A54D0E54579B4066D033E40E /* Assets.xcassets */ = {isa = PBXFileReference; lastKnownFileType = folder.assetcatalog; path = Assets.xcassets; sourceTree = "<group>"; };
		0F2D2606B5EA777CD92C7F81 /* AppModel.swift */ = {isa = PBXFileReference; lastKnownFileType = sourcecode.swift; path = AppModel.swift; sourceTree = "<group>"; };
		198289701CEEE56351A1DF8E /* ZekkiHelper.app */ = {isa = PBXFileReference; includeInIndex = 0; lastKnownFileType = wrapper.application; path = ZekkiHelper.app; sourceTree = BUILT_PRODUCTS_DIR; };
		2CCDFF15A4FEBC3BF60C0763 /* ZekkiHelperApp.swift */ = {isa = PBXFileReference; lastKnownFileType = sourcecode.swift; path = ZekkiHelperApp.swift; sourceTree = "<group>"; };
		327DE7FD11D520BB3A6397B7 /* problems.js */ = {isa = PBXFileReference; lastKnownFileType = sourcecode.javascript; path = problems.js; sourceTree = "<group>"; };
		5A6E96C5A819690DBFA1539E /* Info.plist */ = {isa = PBXFileReference; lastKnownFileType = text.plist; path = Info.plist; sourceTree = "<group>"; };
		AABE0DD373363E989B79356A /* Models.swift */ = {isa = PBXFileReference; lastKnownFileType = sourcecode.swift; path = Models.swift; sourceTree = "<group>"; };
		CBAC3DEEA342D1133F22B154 /* AlarmScheduling.swift */ = {isa = PBXFileReference; lastKnownFileType = sourcecode.swift; path = AlarmScheduling.swift; sourceTree = "<group>"; };
		EF3EA6CDF6BD7941F2787BF4 /* AlarmService.swift */ = {isa = PBXFileReference; lastKnownFileType = sourcecode.swift; path = AlarmService.swift; sourceTree = "<group>"; };
/* End PBXFileReference section */

/* Begin PBXGroup section */
		084AC5A8B8D6212EF9CA738E /* ZekkiHelper */ = {
			isa = PBXGroup;
			children = (
				CBAC3DEEA342D1133F22B154 /* AlarmScheduling.swift */,
				EF3EA6CDF6BD7941F2787BF4 /* AlarmService.swift */,
				0F2D2606B5EA777CD92C7F81 /* AppModel.swift */,
				A54D0E54579B4066D033E40E /* Assets.xcassets */,
				5A6E96C5A819690DBFA1539E /* Info.plist */,
				AABE0DD373363E989B79356A /* Models.swift */,
				0C50CC7637E9CFB6631D5DF4 /* ProblemGenerator.swift */,
				2CCDFF15A4FEBC3BF60C0763 /* ZekkiHelperApp.swift */,
			);
			path = ZekkiHelper;
			sourceTree = "<group>";
		};
		0873FCCFE8E2A7DF68E44F39 /* Products */ = {
			isa = PBXGroup;
			children = (
				198289701CEEE56351A1DF8E /* ZekkiHelper.app */,
			);
			name = Products;
			sourceTree = "<group>";
		};
		6B674905AA731A72C49DCD38 = {
			isa = PBXGroup;
			children = (
				E5A76B543EB09B87AE216793 /* js */,
				084AC5A8B8D6212EF9CA738E /* ZekkiHelper */,
				0873FCCFE8E2A7DF68E44F39 /* Products */,
			);
			sourceTree = "<group>";
		};
		E5A76B543EB09B87AE216793 /* js */ = {
			isa = PBXGroup;
			children = (
				327DE7FD11D520BB3A6397B7 /* problems.js */,
			);
			name = js;
			path = ../js;
			sourceTree = "<group>";
		};
/* End PBXGroup section */

/* Begin PBXNativeTarget section */
		EB5BD0B251896ACF56D2C23E /* ZekkiHelper */ = {
			isa = PBXNativeTarget;
			buildConfigurationList = 9EABB07D9267481573058F2A /* Build configuration list for PBXNativeTarget "ZekkiHelper" */;
			buildPhases = (
				096BC853F4D7C5A80DE01B3A /* Sources */,
				B0AA06EAE8974195C2AA545A /* Resources */,
			);
			buildRules = (
			);
			dependencies = (
			);
			name = ZekkiHelper;
			packageProductDependencies = (
			);
			productName = ZekkiHelper;
			productReference = 198289701CEEE56351A1DF8E /* ZekkiHelper.app */;
			productType = "com.apple.product-type.application";
		};
/* End PBXNativeTarget section */

/* Begin PBXProject section */
		C54CBE97DDE2F1D5DA0450A7 /* Project object */ = {
			isa = PBXProject;
			attributes = {
				BuildIndependentTargetsInParallel = YES;
				LastUpgradeCheck = 1430;
				TargetAttributes = {
					EB5BD0B251896ACF56D2C23E = {
						ProvisioningStyle = Automatic;
					};
				};
			};
			buildConfigurationList = 5A5BBCCD2018516A8D51659F /* Build configuration list for PBXProject "ZekkiHelper" */;
			developmentRegion = en;
			hasScannedForEncodings = 0;
			knownRegions = (
				Base,
				en,
			);
			mainGroup = 6B674905AA731A72C49DCD38;
			minimizedProjectReferenceProxies = 1;
			preferredProjectObjectVersion = 77;
			productRefGroup = 0873FCCFE8E2A7DF68E44F39 /* Products */;
			projectDirPath = "";
			projectRoot = "";
			targets = (
				EB5BD0B251896ACF56D2C23E /* ZekkiHelper */,
			);
		};
/* End PBXProject section */

/* Begin PBXResourcesBuildPhase section */
		B0AA06EAE8974195C2AA545A /* Resources */ = {
			isa = PBXResourcesBuildPhase;
			buildActionMask = 2147483647;
			files = (
				3DF7AB1380BF4D0D71625456 /* Assets.xcassets in Resources */,
				AF446FB69A59371A29D2CC83 /* problems.js in Resources */,
			);
			runOnlyForDeploymentPostprocessing = 0;
		};
/* End PBXResourcesBuildPhase section */

/* Begin PBXSourcesBuildPhase section */
		096BC853F4D7C5A80DE01B3A /* Sources */ = {
			isa = PBXSourcesBuildPhase;
			buildActionMask = 2147483647;
			files = (
				7F6E889614012562F026B8F4 /* AlarmScheduling.swift in Sources */,
				5010F4F969B5A97D3BA059D1 /* AlarmService.swift in Sources */,
				5FA977212BF88958573F683E /* AppModel.swift in Sources */,
				C7FA1402156A1E129CA8CD28 /* Models.swift in Sources */,
				FECC29CA6922E1A42A77312A /* ProblemGenerator.swift in Sources */,
				C4F1A089C63BC7E420BFE0F1 /* ZekkiHelperApp.swift in Sources */,
			);
			runOnlyForDeploymentPostprocessing = 0;
		};
/* End PBXSourcesBuildPhase section */

/* Begin XCBuildConfiguration section */
		40DD7D8B8EC4E03F0AAFC679 /* Release */ = {
			isa = XCBuildConfiguration;
			buildSettings = {
				ALWAYS_SEARCH_USER_PATHS = NO;
				CLANG_ANALYZER_NONNULL = YES;
				CLANG_ANALYZER_NUMBER_OBJECT_CONVERSION = YES_AGGRESSIVE;
				CLANG_CXX_LANGUAGE_STANDARD = "gnu++14";
				CLANG_CXX_LIBRARY = "libc++";
				CLANG_ENABLE_MODULES = YES;
				CLANG_ENABLE_OBJC_ARC = YES;
				CLANG_ENABLE_OBJC_WEAK = YES;
				CLANG_WARN_BLOCK_CAPTURE_AUTORELEASING = YES;
				CLANG_WARN_BOOL_CONVERSION = YES;
				CLANG_WARN_COMMA = YES;
				CLANG_WARN_CONSTANT_CONVERSION = YES;
				CLANG_WARN_DEPRECATED_OBJC_IMPLEMENTATIONS = YES;
				CLANG_WARN_DIRECT_OBJC_ISA_USAGE = YES_ERROR;
				CLANG_WARN_DOCUMENTATION_COMMENTS = YES;
				CLANG_WARN_EMPTY_BODY = YES;
				CLANG_WARN_ENUM_CONVERSION = YES;
				CLANG_WARN_INFINITE_RECURSION = YES;
				CLANG_WARN_INT_CONVERSION = YES;
				CLANG_WARN_NON_LITERAL_NULL_CONVERSION = YES;
				CLANG_WARN_OBJC_IMPLICIT_RETAIN_SELF = YES;
				CLANG_WARN_OBJC_LITERAL_CONVERSION = YES;
				CLANG_WARN_OBJC_ROOT_CLASS = YES_ERROR;
				CLANG_WARN_QUOTED_INCLUDE_IN_FRAMEWORK_HEADER = YES;
				CLANG_WARN_RANGE_LOOP_ANALYSIS = YES;
				CLANG_WARN_STRICT_PROTOTYPES = YES;
				CLANG_WARN_SUSPICIOUS_MOVE = YES;
				CLANG_WARN_UNGUARDED_AVAILABILITY = YES_AGGRESSIVE;
				CLANG_WARN_UNREACHABLE_CODE = YES;
				CLANG_WARN__DUPLICATE_METHOD_MATCH = YES;
				CODE_SIGN_STYLE = Automatic;
				COPY_PHASE_STRIP = NO;
				DEBUG_INFORMATION_FORMAT = "dwarf-with-dsym";
				ENABLE_NS_ASSERTIONS = NO;
				ENABLE_STRICT_OBJC_MSGSEND = YES;
				GCC_C_LANGUAGE_STANDARD = gnu11;
				GCC_NO_COMMON_BLOCKS = YES;
				GCC_WARN_64_TO_32_BIT_CONVERSION = YES;
				GCC_WARN_ABOUT_RETURN_TYPE = YES_ERROR;
				GCC_WARN_UNDECLARED_SELECTOR = YES;
				GCC_WARN_UNINITIALIZED_AUTOS = YES_AGGRESSIVE;
				GCC_WARN_UNUSED_FUNCTION = YES;
				GCC_WARN_UNUSED_VARIABLE = YES;
				GENERATE_INFOPLIST_FILE = NO;
				INFOPLIST_KEY_CFBundleDisplayName = "Zekki ヘルパー";
				INFOPLIST_KEY_NSSupportsLiveActivities = YES;
				INFOPLIST_KEY_UIApplicationSceneManifest_Generation = YES;
				INFOPLIST_KEY_UILaunchScreen_Generation = YES;
				IPHONEOS_DEPLOYMENT_TARGET = 26.0;
				MTL_ENABLE_DEBUG_INFO = NO;
				MTL_FAST_MATH = YES;
				PRODUCT_NAME = "$(TARGET_NAME)";
				SDKROOT = iphoneos;
				SWIFT_COMPILATION_MODE = wholemodule;
				SWIFT_OPTIMIZATION_LEVEL = "-O";
				SWIFT_VERSION = 6.0;
				TARGETED_DEVICE_FAMILY = "1,2";
			};
			name = Release;
		};
		46AD5FE8ECD0306D9CC25154 /* Release */ = {
			isa = XCBuildConfiguration;
			buildSettings = {
				ASSETCATALOG_COMPILER_APPICON_NAME = AppIcon;
				CODE_SIGN_IDENTITY = "iPhone Developer";
				INFOPLIST_FILE = ZekkiHelper/Info.plist;
				LD_RUNPATH_SEARCH_PATHS = (
					"$(inherited)",
					"@executable_path/Frameworks",
				);
				PRODUCT_BUNDLE_IDENTIFIER = jp.zekkihelper.ios;
				SDKROOT = iphoneos;
				TARGETED_DEVICE_FAMILY = "1,2";
			};
			name = Release;
		};
		4F0549A3B34FEC6F594F79E9 /* Debug */ = {
			isa = XCBuildConfiguration;
			buildSettings = {
				ALWAYS_SEARCH_USER_PATHS = NO;
				CLANG_ANALYZER_NONNULL = YES;
				CLANG_ANALYZER_NUMBER_OBJECT_CONVERSION = YES_AGGRESSIVE;
				CLANG_CXX_LANGUAGE_STANDARD = "gnu++14";
				CLANG_CXX_LIBRARY = "libc++";
				CLANG_ENABLE_MODULES = YES;
				CLANG_ENABLE_OBJC_ARC = YES;
				CLANG_ENABLE_OBJC_WEAK = YES;
				CLANG_WARN_BLOCK_CAPTURE_AUTORELEASING = YES;
				CLANG_WARN_BOOL_CONVERSION = YES;
				CLANG_WARN_COMMA = YES;
				CLANG_WARN_CONSTANT_CONVERSION = YES;
				CLANG_WARN_DEPRECATED_OBJC_IMPLEMENTATIONS = YES;
				CLANG_WARN_DIRECT_OBJC_ISA_USAGE = YES_ERROR;
				CLANG_WARN_DOCUMENTATION_COMMENTS = YES;
				CLANG_WARN_EMPTY_BODY = YES;
				CLANG_WARN_ENUM_CONVERSION = YES;
				CLANG_WARN_INFINITE_RECURSION = YES;
				CLANG_WARN_INT_CONVERSION = YES;
				CLANG_WARN_NON_LITERAL_NULL_CONVERSION = YES;
				CLANG_WARN_OBJC_IMPLICIT_RETAIN_SELF = YES;
				CLANG_WARN_OBJC_LITERAL_CONVERSION = YES;
				CLANG_WARN_OBJC_ROOT_CLASS = YES_ERROR;
				CLANG_WARN_QUOTED_INCLUDE_IN_FRAMEWORK_HEADER = YES;
				CLANG_WARN_RANGE_LOOP_ANALYSIS = YES;
				CLANG_WARN_STRICT_PROTOTYPES = YES;
				CLANG_WARN_SUSPICIOUS_MOVE = YES;
				CLANG_WARN_UNGUARDED_AVAILABILITY = YES_AGGRESSIVE;
				CLANG_WARN_UNREACHABLE_CODE = YES;
				CLANG_WARN__DUPLICATE_METHOD_MATCH = YES;
				CODE_SIGN_STYLE = Automatic;
				COPY_PHASE_STRIP = NO;
				DEBUG_INFORMATION_FORMAT = dwarf;
				ENABLE_STRICT_OBJC_MSGSEND = YES;
				ENABLE_TESTABILITY = YES;
				GCC_C_LANGUAGE_STANDARD = gnu11;
				GCC_DYNAMIC_NO_PIC = NO;
				GCC_NO_COMMON_BLOCKS = YES;
				GCC_OPTIMIZATION_LEVEL = 0;
				GCC_PREPROCESSOR_DEFINITIONS = (
					"$(inherited)",
					"DEBUG=1",
				);
				GCC_WARN_64_TO_32_BIT_CONVERSION = YES;
				GCC_WARN_ABOUT_RETURN_TYPE = YES_ERROR;
				GCC_WARN_UNDECLARED_SELECTOR = YES;
				GCC_WARN_UNINITIALIZED_AUTOS = YES_AGGRESSIVE;
				GCC_WARN_UNUSED_FUNCTION = YES;
				GCC_WARN_UNUSED_VARIABLE = YES;
				GENERATE_INFOPLIST_FILE = NO;
				INFOPLIST_KEY_CFBundleDisplayName = "Zekki ヘルパー";
				INFOPLIST_KEY_NSSupportsLiveActivities = YES;
				INFOPLIST_KEY_UIApplicationSceneManifest_Generation = YES;
				INFOPLIST_KEY_UILaunchScreen_Generation = YES;
				IPHONEOS_DEPLOYMENT_TARGET = 26.0;
				MTL_ENABLE_DEBUG_INFO = INCLUDE_SOURCE;
				MTL_FAST_MATH = YES;
				ONLY_ACTIVE_ARCH = YES;
				PRODUCT_NAME = "$(TARGET_NAME)";
				SDKROOT = iphoneos;
				SWIFT_ACTIVE_COMPILATION_CONDITIONS = DEBUG;
				SWIFT_OPTIMIZATION_LEVEL = "-Onone";
				SWIFT_VERSION = 6.0;
				TARGETED_DEVICE_FAMILY = "1,2";
			};
			name = Debug;
		};
		5DFC66A2B08785447A624625 /* Debug */ = {
			isa = XCBuildConfiguration;
			buildSettings = {
				ASSETCATALOG_COMPILER_APPICON_NAME = AppIcon;
				CODE_SIGN_IDENTITY = "iPhone Developer";
				INFOPLIST_FILE = ZekkiHelper/Info.plist;
				LD_RUNPATH_SEARCH_PATHS = (
					"$(inherited)",
					"@executable_path/Frameworks",
				);
				PRODUCT_BUNDLE_IDENTIFIER = jp.zekkihelper.ios;
				SDKROOT = iphoneos;
				TARGETED_DEVICE_FAMILY = "1,2";
			};
			name = Debug;
		};
/* End XCBuildConfiguration section */

/* Begin XCConfigurationList section */
		5A5BBCCD2018516A8D51659F /* Build configuration list for PBXProject "ZekkiHelper" */ = {
			isa = XCConfigurationList;
			buildConfigurations = (
				4F0549A3B34FEC6F594F79E9 /* Debug */,
				40DD7D8B8EC4E03F0AAFC679 /* Release */,
			);
			defaultConfigurationIsVisible = 0;
			defaultConfigurationName = Debug;
		};
		9EABB07D9267481573058F2A /* Build configuration list for PBXNativeTarget "ZekkiHelper" */ = {
			isa = XCConfigurationList;
			buildConfigurations = (
				5DFC66A2B08785447A624625 /* Debug */,
				46AD5FE8ECD0306D9CC25154 /* Release */,
			);
			defaultConfigurationIsVisible = 0;
			defaultConfigurationName = Debug;
		};
/* End XCConfigurationList section */
	};
	rootObject = C54CBE97DDE2F1D5DA0450A7 /* Project object */;
}
